{
  "name": "evtc",
  "version": "0.1.0",
  "lockfileVersion": 1,
  "requires": true,
  "dependencies": {
    "array-unique": {
      "version": "0.3.2",
      "resolved": "https://registry.npmjs.org/array-unique/-/array-unique-0.3.2.tgz",
      "integrity": "sha1-qJS3XUvE9s1nnvMkSp/Y9Gri1Cg="
    },
    "atoa": {
      "version": "1.0.0",
      "resolved": "https://registry.npmjs.org/atoa/-/atoa-1.0.0.tgz",
      "integrity": "sha1-DMDpGkgOc4+SPrwQNnZHF3mzSkk="
    },
    "chunk": {
      "version": "0.0.2",
      "resolved": "https://registry.npmjs.org/chunk/-/chunk-0.0.2.tgz",
      "integrity": "sha1-BKpPMWZK6FDeUAz41XtfTCnNUi4="
    },
    "contra": {
      "version": "1.9.4",
      "resolved": "https://registry.npmjs.org/contra/-/contra-1.9.4.tgz",
      "integrity": "sha1-9TveQtfltZhcrk2ZqNYQUm3o8o0=",
      "requires": {
        "atoa": "1.0.0",
        "ticky": "1.0.1"
      }
    },
    "debug": {
      "version": "3.1.0",
      "resolved": "https://registry.npmjs.org/debug/-/debug-3.1.0.tgz",
      "integrity": "sha512-OX8XqP7/1a9cqkxYw2yXss15f26NKWBpDXQd0/uK/KPqdQhxbPa994hnzjcE2VqQpDslf55723cKPUOGSmMY3g==",
      "requires": {
        "ms": "2.0.0"
      }
    },
    "encoding": {
      "version": "0.1.12",
      "resolved": "https://registry.npmjs.org/encoding/-/encoding-0.1.12.tgz",
      "integrity": "sha1-U4tm8+5izRq1HsMjgp0flIDHS+s=",
      "requires": {
        "iconv-lite": "0.4.19"
      }
    },
    "fast-clone": {
      "version": "1.4.2",
      "resolved": "https://registry.npmjs.org/fast-clone/-/fast-clone-1.4.2.tgz",
      "integrity": "sha1-LAZ+xGthb2caqsef7ae5m4k2geM="
    },
    "fast-get": {
      "version": "1.0.2",
      "resolved": "https://registry.npmjs.org/fast-get/-/fast-get-1.0.2.tgz",
      "integrity": "sha1-MPBHWwdLQQxXdZhiqncPZj7SYug="
    },
    "flat": {
      "version": "4.0.0",
      "resolved": "https://registry.npmjs.org/flat/-/flat-4.0.0.tgz",
      "integrity": "sha512-ji/WMv2jdsE+LaznpkIF9Haax0sdpTBozrz/Dtg4qSRMfbs8oVg4ypJunIRYPiMLvH/ed6OflXbnbTIKJhtgeg==",
      "requires": {
        "is-buffer": "1.1.6"
      }
    },
    "gw2api-client": {
      "version": "5.6.5",
      "resolved": "https://registry.npmjs.org/gw2api-client/-/gw2api-client-5.6.5.tgz",
      "integrity": "sha512-YEnzumDFu0OlHLkao2+SVwroX088STYND2h6ZSk33ZwU/fDadKztVHvLegnGaFWPucPdDIkA209lUR9+yhrl0A==",
      "requires": {
        "array-unique": "0.3.2",
        "chunk": "0.0.2",
        "debug": "3.1.0",
        "fast-clone": "1.4.2",
        "fast-get": "1.0.2",
        "flat": "4.0.0",
        "lets-fetch": "2.1.0",
        "promise-control-flow": "1.2.4",
        "rusha": "0.8.9",
        "url-parse": "1.2.0"
      }
    },
    "iconv-lite": {
      "version": "0.4.19",
      "resolved": "https://registry.npmjs.org/iconv-lite/-/iconv-lite-0.4.19.tgz",
      "integrity": "sha512-oTZqweIP51xaGPI4uPa56/Pri/480R+mo7SeU+YETByQNhDG55ycFyNLIgta9vXhILrxXDmF7ZGhqZIcuN0gJQ=="
    },
    "is-buffer": {
      "version": "1.1.6",
      "resolved": "https://registry.npmjs.org/is-buffer/-/is-buffer-1.1.6.tgz",
      "integrity": "sha512-NcdALwpXkTm5Zvvbk7owOUSvVvBKDgKP5/ewfXEznmQFfs4ZRmanOeKBTjRVjka3QFoN6XJ+9F3USqfHqTaU5w=="
    },
    "is-function": {
      "version": "1.0.1",
      "resolved": "https://registry.npmjs.org/is-function/-/is-function-1.0.1.tgz",
      "integrity": "sha1-Es+5i2W1fdPRk6MSH19uL0N2ArU="
    },
    "is-stream": {
      "version": "1.1.0",
      "resolved": "https://registry.npmjs.org/is-stream/-/is-stream-1.1.0.tgz",
      "integrity": "sha1-EtSj3U5o4Lec6428hBc66A2RykQ="
    },
    "isomorphic-fetch": {
      "version": "2.2.1",
      "resolved": "https://registry.npmjs.org/isomorphic-fetch/-/isomorphic-fetch-2.2.1.tgz",
      "integrity": "sha1-YRrhrPFPXoH3KVB0coGf6XM1WKk=",
      "requires": {
        "node-fetch": "1.7.3",
        "whatwg-fetch": "2.0.3"
      }
    },
    "lets-fetch": {
      "version": "2.1.0",
      "resolved": "https://registry.npmjs.org/lets-fetch/-/lets-fetch-2.1.0.tgz",
      "integrity": "sha1-g4tm1+CL7y9STQH7yDfvEoErez4=",
      "requires": {
        "isomorphic-fetch": "2.2.1",
        "promise-control-flow": "1.2.4"
      }
    },
    "ms": {
      "version": "2.0.0",
      "resolved": "https://registry.npmjs.org/ms/-/ms-2.0.0.tgz",
      "integrity": "sha1-VgiurfwAvmwpAd9fmGF4jeDVl8g="
    },
    "node-fetch": {
      "version": "1.7.3",
      "resolved": "https://registry.npmjs.org/node-fetch/-/node-fetch-1.7.3.tgz",
      "integrity": "sha512-NhZ4CsKx7cYm2vSrBAr2PvFOe6sWDf0UYLRqA6svUYg7+/TSfVAu49jYC4BvQ4Sms9SZgdqGBgroqfDhJdTyKQ==",
      "requires": {
        "encoding": "0.1.12",
        "is-stream": "1.1.0"
      }
    },
    "promise-control-flow": {
      "version": "1.2.4",
      "resolved": "https://registry.npmjs.org/promise-control-flow/-/promise-control-flow-1.2.4.tgz",
      "integrity": "sha1-ulFEewts7gE1tkfHUimVF1Dc3UE=",
      "requires": {
        "contra": "1.9.4",
        "is-function": "1.0.1"
      }
    },
    "querystringify": {
      "version": "1.0.0",
      "resolved": "https://registry.npmjs.org/querystringify/-/querystringify-1.0.0.tgz",
      "integrity": "sha1-YoYkIRLFtxL6ZU5SZlK/ahP/Bcs="
    },
    "requires-port": {
      "version": "1.0.0",
      "resolved": "https://registry.npmjs.org/requires-port/-/requires-port-1.0.0.tgz",
      "integrity": "sha1-kl0mAdOaxIXgkc8NpcbmlNw9yv8="
    },
    "rusha": {
      "version": "0.8.9",
      "resolved": "https://registry.npmjs.org/rusha/-/rusha-0.8.9.tgz",
      "integrity": "sha1-d70JUWCL+BztuUjOycRNjOVmIhk="
    },
    "smart-buffer": {
      "version": "4.0.1",
      "resolved": "https://registry.npmjs.org/smart-buffer/-/smart-buffer-4.0.1.tgz",
      "integrity": "sha512-RFqinRVJVcCAL9Uh1oVqE6FZkqsyLiVOYEZ20TqIOjuX7iFVJ+zsbs4RIghnw/pTs7mZvt8ZHhvm1ZUrR4fykg=="
    },
    "ticky": {
      "version": "1.0.1",
      "resolved": "https://registry.npmjs.org/ticky/-/ticky-1.0.1.tgz",
      "integrity": "sha1-t8+nHnaPHJAAxJe5FRswlHxQ5G0="
    },
    "url-parse": {
      "version": "1.2.0",
      "resolved": "https://registry.npmjs.org/url-parse/-/url-parse-1.2.0.tgz",
      "integrity": "sha512-DT1XbYAfmQP65M/mE6OALxmXzZ/z1+e5zk2TcSKe/KiYbNGZxgtttzC0mR/sjopbpOXcbniq7eIKmocJnUWlEw==",
      "requires": {
        "querystringify": "1.0.0",
        "requires-port": "1.0.0"
      }
    },
    "whatwg-fetch": {
      "version": "2.0.3",
      "resolved": "https://registry.npmjs.org/whatwg-fetch/-/whatwg-fetch-2.0.3.tgz",
      "integrity": "sha1-nITsLc9oGH/wC8ZOEnS0QhduHIQ="
    }
  }
}
